
Microsoft Visual Studio Solution File, Format Version 12.00
# Visual Studio 15
VisualStudioVersion = 15.0.28307.960
MinimumVisualStudioVersion = 10.0.40219.1
Project("{FAE04EC0-301F-11D3-BF4B-00C04F79EFBC}") = "NSCViewModels", "NSCViewModels\NSCViewModels.csproj", "{CE9F40E4-CF2E-4D91-B2FB-23F89D88EBAE}"
EndProject
Project("{FAE04EC0-301F-11D3-BF4B-00C04F79EFBC}") = "NSCController", "NSCController\NSCController.csproj", "{47E4EC74-F7E1-4244-A339-2D5757E57D99}"
EndProject
Project("{FAE04EC0-301F-11D3-BF4B-00C04F79EFBC}") = "NSC - DAL", "NSCDAL\NSC - DAL.csproj", "{4FD1A345-FBFD-472F-9A15-B146C8C25759}"
EndProject
Global
	GlobalSection(SolutionConfigurationPlatforms) = preSolution
		Debug|Any CPU = Debug|Any CPU
		Release|Any CPU = Release|Any CPU
	EndGlobalSection
	GlobalSection(ProjectConfigurationPlatforms) = postSolution
		{CE9F40E4-CF2E-4D91-B2FB-23F89D88EBAE}.Debug|Any CPU.ActiveCfg = Debug|Any CPU
		{CE9F40E4-CF2E-4D91-B2FB-23F89D88EBAE}.Debug|Any CPU.Build.0 = Debug|Any CPU
		{CE9F40E4-CF2E-4D91-B2FB-23F89D88EBAE}.Release|Any CPU.ActiveCfg = Release|Any CPU
		{CE9F40E4-CF2E-4D91-B2FB-23F89D88EBAE}.Release|Any CPU.Build.0 = Release|Any CPU
		{47E4EC74-F7E1-4244-A339-2D5757E57D99}.Debug|Any CPU.ActiveCfg = Debug|Any CPU
		{47E4EC74-F7E1-4244-A339-2D5757E57D99}.Debug|Any CPU.Build.0 = Debug|Any CPU
		{47E4EC74-F7E1-4244-A339-2D5757E57D99}.Release|Any CPU.ActiveCfg = Release|Any CPU
		{47E4EC74-F7E1-4244-A339-2D5757E57D99}.Release|Any CPU.Build.0 = Release|Any CPU
		{4FD1A345-FBFD-472F-9A15-B146C8C25759}.Debug|Any CPU.ActiveCfg = Debug|Any CPU
		{4FD1A345-FBFD-472F-9A15-B146C8C25759}.Debug|Any CPU.Build.0 = Debug|Any CPU
		{4FD1A345-FBFD-472F-9A15-B146C8C25759}.Release|Any CPU.ActiveCfg = Release|Any CPU
		{4FD1A345-FBFD-472F-9A15-B146C8C25759}.Release|Any CPU.Build.0 = Release|Any CPU
	EndGlobalSection
	GlobalSection(SolutionProperties) = preSolution
		HideSolutionNode = FALSE
	EndGlobalSection
	GlobalSection(ExtensibilityGlobals) = postSolution
		SolutionGuid = {33B6CEFE-E911-489E-9045-BA69335BF1ED}
	EndGlobalSection
EndGlobal
